
Microsoft Visual Studio Solution File, Format Version 12.00
# Visual Studio 15
VisualStudioVersion = 15.0.26430.16
MinimumVisualStudioVersion = 10.0.40219.1
Project("{2150E333-8FDC-42A3-9474-1A3956D46DE8}") = ".paket", ".paket", "{58C18800-DDEB-4398-AF09-4693BC118074}"
	ProjectSection(SolutionItems) = preProject
		paket.dependencies = paket.dependencies
		paket.lock = paket.lock
	EndProjectSection
EndProject
Project("{FAE04EC0-301F-11D3-BF4B-00C04F79EFBC}") = "ConsoleApp1", "ConsoleApp1\ConsoleApp1.csproj", "{12E97EA6-7C73-4107-A65C-6E7BF458B424}"
EndProject
Project("{FAE04EC0-301F-11D3-BF4B-00C04F79EFBC}") = "ClassLibrary1", "ClassLibrary1\ClassLibrary1.csproj", "{DE478B0C-73AE-4DB7-BDA3-88D8D4E5AA6A}"
EndProject
Global
	GlobalSection(SolutionConfigurationPlatforms) = preSolution
		Debug|Any CPU = Debug|Any CPU
		Release|Any CPU = Release|Any CPU
	EndGlobalSection
	GlobalSection(ProjectConfigurationPlatforms) = postSolution
		{12E97EA6-7C73-4107-A65C-6E7BF458B424}.Debug|Any CPU.ActiveCfg = Debug|Any CPU
		{12E97EA6-7C73-4107-A65C-6E7BF458B424}.Debug|Any CPU.Build.0 = Debug|Any CPU
		{12E97EA6-7C73-4107-A65C-6E7BF458B424}.Release|Any CPU.ActiveCfg = Release|Any CPU
		{12E97EA6-7C73-4107-A65C-6E7BF458B424}.Release|Any CPU.Build.0 = Release|Any CPU
		{DE478B0C-73AE-4DB7-BDA3-88D8D4E5AA6A}.Debug|Any CPU.ActiveCfg = Debug|Any CPU
		{DE478B0C-73AE-4DB7-BDA3-88D8D4E5AA6A}.Debug|Any CPU.Build.0 = Debug|Any CPU
		{DE478B0C-73AE-4DB7-BDA3-88D8D4E5AA6A}.Release|Any CPU.ActiveCfg = Release|Any CPU
		{DE478B0C-73AE-4DB7-BDA3-88D8D4E5AA6A}.Release|Any CPU.Build.0 = Release|Any CPU
	EndGlobalSection
	GlobalSection(SolutionProperties) = preSolution
		HideSolutionNode = FALSE
	EndGlobalSection
EndGlobal
